
Microsoft Visual Studio Solution File, Format Version 12.00
# Visual Studio Version 16
VisualStudioVersion = 16.0.32002.261
MinimumVisualStudioVersion = 10.0.40219.1
Project("{FAE04EC0-301F-11D3-BF4B-00C04F79EFBC}") = "primeiroProojDio", "primeiroProojDio\primeiroProojDio.csproj", "{BC44F7EB-6ADC-4DF5-8D7F-8C65AE189FCA}"
EndProject
Global
	GlobalSection(SolutionConfigurationPlatforms) = preSolution
		Debug|Any CPU = Debug|Any CPU
		Release|Any CPU = Release|Any CPU
	EndGlobalSection
	GlobalSection(ProjectConfigurationPlatforms) = postSolution
		{BC44F7EB-6ADC-4DF5-8D7F-8C65AE189FCA}.Debug|Any CPU.ActiveCfg = Debug|Any CPU
		{BC44F7EB-6ADC-4DF5-8D7F-8C65AE189FCA}.Debug|Any CPU.Build.0 = Debug|Any CPU
		{BC44F7EB-6ADC-4DF5-8D7F-8C65AE189FCA}.Release|Any CPU.ActiveCfg = Release|Any CPU
		{BC44F7EB-6ADC-4DF5-8D7F-8C65AE189FCA}.Release|Any CPU.Build.0 = Release|Any CPU
	EndGlobalSection
	GlobalSection(SolutionProperties) = preSolution
		HideSolutionNode = FALSE
	EndGlobalSection
	GlobalSection(ExtensibilityGlobals) = postSolution
		SolutionGuid = {2C385476-80D3-46BD-8B78-611FDBA00568}
	EndGlobalSection
EndGlobal
